
Microsoft Visual Studio Solution File, Format Version 12.00
# Visual Studio 2013
VisualStudioVersion = 12.0.31101.0
MinimumVisualStudioVersion = 10.0.40219.1
Project("{FAE04EC0-301F-11D3-BF4B-00C04F79EFBC}") = "NUnitTestList", "NUnitTestList\NUnitTestList.csproj", "{BE1FD3F0-0887-4AD6-B238-CE7DBE0C53B5}"
EndProject
Project("{2150E333-8FDC-42A3-9474-1A3956D46DE8}") = "Samples", "Samples", "{98CB214D-9D43-425A-82D5-8E6F90BAD199}"
EndProject
Project("{FAE04EC0-301F-11D3-BF4B-00C04F79EFBC}") = "TestedAssembly", "TestedAssembly\TestedAssembly.csproj", "{92CFD14B-1D18-4CB5-953C-9EEB247D88DB}"
EndProject
Project("{FAE04EC0-301F-11D3-BF4B-00C04F79EFBC}") = "TestAssembly", "TestAssembly\TestAssembly.csproj", "{318EE072-EE7E-4E9C-849E-CBDDCB531708}"
EndProject
Project("{FAE04EC0-301F-11D3-BF4B-00C04F79EFBC}") = "Diff2CodeEntityName", "Diff2CodeEntityName\Diff2CodeEntityName.csproj", "{D5356EAD-FB5C-4556-A6C5-FB80ACF38CC1}"
EndProject
Global
	GlobalSection(SolutionConfigurationPlatforms) = preSolution
		Debug|Any CPU = Debug|Any CPU
		Release|Any CPU = Release|Any CPU
	EndGlobalSection
	GlobalSection(ProjectConfigurationPlatforms) = postSolution
		{BE1FD3F0-0887-4AD6-B238-CE7DBE0C53B5}.Debug|Any CPU.ActiveCfg = Debug|Any CPU
		{BE1FD3F0-0887-4AD6-B238-CE7DBE0C53B5}.Debug|Any CPU.Build.0 = Debug|Any CPU
		{BE1FD3F0-0887-4AD6-B238-CE7DBE0C53B5}.Release|Any CPU.ActiveCfg = Release|Any CPU
		{BE1FD3F0-0887-4AD6-B238-CE7DBE0C53B5}.Release|Any CPU.Build.0 = Release|Any CPU
		{92CFD14B-1D18-4CB5-953C-9EEB247D88DB}.Debug|Any CPU.ActiveCfg = Debug|Any CPU
		{92CFD14B-1D18-4CB5-953C-9EEB247D88DB}.Debug|Any CPU.Build.0 = Debug|Any CPU
		{92CFD14B-1D18-4CB5-953C-9EEB247D88DB}.Release|Any CPU.ActiveCfg = Release|Any CPU
		{92CFD14B-1D18-4CB5-953C-9EEB247D88DB}.Release|Any CPU.Build.0 = Release|Any CPU
		{318EE072-EE7E-4E9C-849E-CBDDCB531708}.Debug|Any CPU.ActiveCfg = Debug|Any CPU
		{318EE072-EE7E-4E9C-849E-CBDDCB531708}.Debug|Any CPU.Build.0 = Debug|Any CPU
		{318EE072-EE7E-4E9C-849E-CBDDCB531708}.Release|Any CPU.ActiveCfg = Release|Any CPU
		{318EE072-EE7E-4E9C-849E-CBDDCB531708}.Release|Any CPU.Build.0 = Release|Any CPU
		{D5356EAD-FB5C-4556-A6C5-FB80ACF38CC1}.Debug|Any CPU.ActiveCfg = Debug|Any CPU
		{D5356EAD-FB5C-4556-A6C5-FB80ACF38CC1}.Debug|Any CPU.Build.0 = Debug|Any CPU
		{D5356EAD-FB5C-4556-A6C5-FB80ACF38CC1}.Release|Any CPU.ActiveCfg = Release|Any CPU
		{D5356EAD-FB5C-4556-A6C5-FB80ACF38CC1}.Release|Any CPU.Build.0 = Release|Any CPU
	EndGlobalSection
	GlobalSection(SolutionProperties) = preSolution
		HideSolutionNode = FALSE
	EndGlobalSection
	GlobalSection(NestedProjects) = preSolution
		{92CFD14B-1D18-4CB5-953C-9EEB247D88DB} = {98CB214D-9D43-425A-82D5-8E6F90BAD199}
		{318EE072-EE7E-4E9C-849E-CBDDCB531708} = {98CB214D-9D43-425A-82D5-8E6F90BAD199}
	EndGlobalSection
EndGlobal
